# AutoJs6 6.8.0 / 5297 release APIs, host commit 52ce694f92, 2026-09-26.
format=1
common-plugin-api.file=common-plugin-api.aar
common-plugin-api.sha256=ee7eb7879a53506c4cca5e2d19d3058e28df2168fb33351a52302a3b9e532e15
host-capability-api.file=host-capability-api.aar
host-capability-api.sha256=0c9233f43848cc3a9d9a87071f46ecb71935964693a53de017529dfa2de79c28
ai-agent-api.file=ai-agent-api.aar
ai-agent-api.sha256=c47c46244346d78c6e05897f150f68ffe7b095802e88488d0b934eb67231e53f
