# AutoJs6 6.8.0 / 5297 release APIs, host commit 3e4e3a3cff, 2026-09-25.
format=1
common-plugin-api.file=common-plugin-api.aar
common-plugin-api.sha256=ee7eb7879a53506c4cca5e2d19d3058e28df2168fb33351a52302a3b9e532e15
host-capability-api.file=host-capability-api.aar
host-capability-api.sha256=23024fd981b7846936ef59f595f4da2208adf38d7c2d35594c20c7dfc1a86bd1
ai-agent-api.file=ai-agent-api.aar
ai-agent-api.sha256=4f97269b45904181e7fa1cde27c819eeaa8f9ca47f71092b3281efe0ed2dd57b
